
Microsoft Visual Studio Solution File, Format Version 12.00
# Visual Studio Version 18
VisualStudioVersion = 18.6.11806.211
MinimumVisualStudioVersion = 10.0.40219.1
Project("{2150E333-8FDC-42A3-9474-1A3956D46DE8}") = "Backend", "Backend", "{4ED8EE42-872C-4E48-9997-5BE775C287E6}"
EndProject
Project("{FAE04EC0-301F-11D3-BF4B-00C04F79EFBC}") = "FishingCommunity.Domain", "FishingCommunity.Domain\FishingCommunity.Domain.csproj", "{6B4D00A3-A4CA-41BB-8965-CFF5C5EEB0FF}"
EndProject
Project("{FAE04EC0-301F-11D3-BF4B-00C04F79EFBC}") = "FishingCommunity.Application", "FishingCommunity.Application\FishingCommunity.Application.csproj", "{C5C23356-4133-4D1D-896E-4BD1BF49A23E}"
EndProject
Project("{FAE04EC0-301F-11D3-BF4B-00C04F79EFBC}") = "FishingCommunity.Infrastructure", "FishingCommunity.Infrastructure\FishingCommunity.Infrastructure.csproj", "{CCB4001C-6439-455C-8F3A-A895EE6E7B97}"
EndProject
Project("{FAE04EC0-301F-11D3-BF4B-00C04F79EFBC}") = "FishingCommunity.API", "FishingCommunity.API\FishingCommunity.API.csproj", "{3F4BA8B6-3001-4E1F-AC45-3E69C5A11939}"
EndProject
Project("{FAE04EC0-301F-11D3-BF4B-00C04F79EFBC}") = "FishingCommunity.Shared", "FishingCommunity.Shared\FishingCommunity.Shared.csproj", "{797947FC-6F41-491D-AAE1-C9CC3E47D769}"
EndProject
Project("{2150E333-8FDC-42A3-9474-1A3956D46DE8}") = "tests", "tests", "{456D4BB4-2958-4A10-A31A-D90E2E15FE3A}"
EndProject
Project("{FAE04EC0-301F-11D3-BF4B-00C04F79EFBC}") = "FishingCommunity.UnitTests", "FishingCommunity.UnitTests\FishingCommunity.UnitTests.csproj", "{EF6FE3F5-43A1-4E53-86BC-16EC2DCE1C77}"
EndProject
Project("{FAE04EC0-301F-11D3-BF4B-00C04F79EFBC}") = "FishingCommunity.IntegrationTests", "FishingCommunity.IntegrationTests\FishingCommunity.IntegrationTests.csproj", "{7EB54B85-C3FD-480F-B4E5-5B1A52F36D34}"
EndProject
Project("{FAE04EC0-301F-11D3-BF4B-00C04F79EFBC}") = "FishingCommunity.ApplicationTests", "FishingCommunity.ApplicationTests\FishingCommunity.ApplicationTests.csproj", "{F7A813E8-7E45-4BED-A9DD-6E9D5A7C5AAF}"
EndProject
Project("{2150E333-8FDC-42A3-9474-1A3956D46DE8}") = "Mobile", "Mobile", "{8DBAFD16-48D3-45B8-8014-7A8AE2E7211D}"
EndProject
Project("{FAE04EC0-301F-11D3-BF4B-00C04F79EFBC}") = "FishingHub.Mobile", "FishingHub.Mobile\FishingHub.Mobile.csproj", "{17819C22-D946-45CE-9B22-0F98A74575A4}"
EndProject
Global
	GlobalSection(SolutionConfigurationPlatforms) = preSolution
		Debug|Any CPU = Debug|Any CPU
		Release|Any CPU = Release|Any CPU
	EndGlobalSection
	GlobalSection(ProjectConfigurationPlatforms) = postSolution
		{6B4D00A3-A4CA-41BB-8965-CFF5C5EEB0FF}.Debug|Any CPU.ActiveCfg = Debug|Any CPU
		{6B4D00A3-A4CA-41BB-8965-CFF5C5EEB0FF}.Debug|Any CPU.Build.0 = Debug|Any CPU
		{6B4D00A3-A4CA-41BB-8965-CFF5C5EEB0FF}.Release|Any CPU.ActiveCfg = Release|Any CPU
		{6B4D00A3-A4CA-41BB-8965-CFF5C5EEB0FF}.Release|Any CPU.Build.0 = Release|Any CPU
		{C5C23356-4133-4D1D-896E-4BD1BF49A23E}.Debug|Any CPU.ActiveCfg = Debug|Any CPU
		{C5C23356-4133-4D1D-896E-4BD1BF49A23E}.Debug|Any CPU.Build.0 = Debug|Any CPU
		{C5C23356-4133-4D1D-896E-4BD1BF49A23E}.Release|Any CPU.ActiveCfg = Release|Any CPU
		{C5C23356-4133-4D1D-896E-4BD1BF49A23E}.Release|Any CPU.Build.0 = Release|Any CPU
		{CCB4001C-6439-455C-8F3A-A895EE6E7B97}.Debug|Any CPU.ActiveCfg = Debug|Any CPU
		{CCB4001C-6439-455C-8F3A-A895EE6E7B97}.Debug|Any CPU.Build.0 = Debug|Any CPU
		{CCB4001C-6439-455C-8F3A-A895EE6E7B97}.Release|Any CPU.ActiveCfg = Release|Any CPU
		{CCB4001C-6439-455C-8F3A-A895EE6E7B97}.Release|Any CPU.Build.0 = Release|Any CPU
		{3F4BA8B6-3001-4E1F-AC45-3E69C5A11939}.Debug|Any CPU.ActiveCfg = Debug|Any CPU
		{3F4BA8B6-3001-4E1F-AC45-3E69C5A11939}.Debug|Any CPU.Build.0 = Debug|Any CPU
		{3F4BA8B6-3001-4E1F-AC45-3E69C5A11939}.Release|Any CPU.ActiveCfg = Release|Any CPU
		{3F4BA8B6-3001-4E1F-AC45-3E69C5A11939}.Release|Any CPU.Build.0 = Release|Any CPU
		{797947FC-6F41-491D-AAE1-C9CC3E47D769}.Debug|Any CPU.ActiveCfg = Debug|Any CPU
		{797947FC-6F41-491D-AAE1-C9CC3E47D769}.Debug|Any CPU.Build.0 = Debug|Any CPU
		{797947FC-6F41-491D-AAE1-C9CC3E47D769}.Release|Any CPU.ActiveCfg = Release|Any CPU
		{797947FC-6F41-491D-AAE1-C9CC3E47D769}.Release|Any CPU.Build.0 = Release|Any CPU
		{EF6FE3F5-43A1-4E53-86BC-16EC2DCE1C77}.Debug|Any CPU.ActiveCfg = Debug|Any CPU
		{EF6FE3F5-43A1-4E53-86BC-16EC2DCE1C77}.Debug|Any CPU.Build.0 = Debug|Any CPU
		{EF6FE3F5-43A1-4E53-86BC-16EC2DCE1C77}.Release|Any CPU.ActiveCfg = Release|Any CPU
		{EF6FE3F5-43A1-4E53-86BC-16EC2DCE1C77}.Release|Any CPU.Build.0 = Release|Any CPU
		{7EB54B85-C3FD-480F-B4E5-5B1A52F36D34}.Debug|Any CPU.ActiveCfg = Debug|Any CPU
		{7EB54B85-C3FD-480F-B4E5-5B1A52F36D34}.Debug|Any CPU.Build.0 = Debug|Any CPU
		{7EB54B85-C3FD-480F-B4E5-5B1A52F36D34}.Release|Any CPU.ActiveCfg = Release|Any CPU
		{7EB54B85-C3FD-480F-B4E5-5B1A52F36D34}.Release|Any CPU.Build.0 = Release|Any CPU
		{F7A813E8-7E45-4BED-A9DD-6E9D5A7C5AAF}.Debug|Any CPU.ActiveCfg = Debug|Any CPU
		{F7A813E8-7E45-4BED-A9DD-6E9D5A7C5AAF}.Debug|Any CPU.Build.0 = Debug|Any CPU
		{F7A813E8-7E45-4BED-A9DD-6E9D5A7C5AAF}.Release|Any CPU.ActiveCfg = Release|Any CPU
		{F7A813E8-7E45-4BED-A9DD-6E9D5A7C5AAF}.Release|Any CPU.Build.0 = Release|Any CPU
		{17819C22-D946-45CE-9B22-0F98A74575A4}.Debug|Any CPU.ActiveCfg = Debug|Any CPU
		{17819C22-D946-45CE-9B22-0F98A74575A4}.Debug|Any CPU.Build.0 = Debug|Any CPU
		{17819C22-D946-45CE-9B22-0F98A74575A4}.Debug|Any CPU.Deploy.0 = Debug|Any CPU
		{17819C22-D946-45CE-9B22-0F98A74575A4}.Release|Any CPU.ActiveCfg = Release|Any CPU
		{17819C22-D946-45CE-9B22-0F98A74575A4}.Release|Any CPU.Build.0 = Release|Any CPU
	EndGlobalSection
	GlobalSection(SolutionProperties) = preSolution
		HideSolutionNode = FALSE
	EndGlobalSection
	GlobalSection(NestedProjects) = preSolution
		{6B4D00A3-A4CA-41BB-8965-CFF5C5EEB0FF} = {4ED8EE42-872C-4E48-9997-5BE775C287E6}
		{C5C23356-4133-4D1D-896E-4BD1BF49A23E} = {4ED8EE42-872C-4E48-9997-5BE775C287E6}
		{CCB4001C-6439-455C-8F3A-A895EE6E7B97} = {4ED8EE42-872C-4E48-9997-5BE775C287E6}
		{3F4BA8B6-3001-4E1F-AC45-3E69C5A11939} = {4ED8EE42-872C-4E48-9997-5BE775C287E6}
		{797947FC-6F41-491D-AAE1-C9CC3E47D769} = {4ED8EE42-872C-4E48-9997-5BE775C287E6}
		{EF6FE3F5-43A1-4E53-86BC-16EC2DCE1C77} = {456D4BB4-2958-4A10-A31A-D90E2E15FE3A}
		{7EB54B85-C3FD-480F-B4E5-5B1A52F36D34} = {456D4BB4-2958-4A10-A31A-D90E2E15FE3A}
		{F7A813E8-7E45-4BED-A9DD-6E9D5A7C5AAF} = {456D4BB4-2958-4A10-A31A-D90E2E15FE3A}
		{17819C22-D946-45CE-9B22-0F98A74575A4} = {8DBAFD16-48D3-45B8-8014-7A8AE2E7211D}
	EndGlobalSection
	GlobalSection(ExtensibilityGlobals) = postSolution
		SolutionGuid = {3124353E-FE59-4C38-8C60-573ACD221E2D}
	EndGlobalSection
EndGlobal
